
Microsoft Visual Studio Solution File, Format Version 12.00
# Visual Studio Version 17
VisualStudioVersion = 17.14.36511.14 d17.14
MinimumVisualStudioVersion = 10.0.40219.1
Project("{FAE04EC0-301F-11D3-BF4B-00C04F79EFBC}") = "QL_CLB_PhanTan", "QL_CLB_PhanTan.csproj", "{E29EA395-A395-49C4-B33D-440DB34774B3}"
EndProject
Global
	GlobalSection(SolutionConfigurationPlatforms) = preSolution
		Debug|Any CPU = Debug|Any CPU
		Release|Any CPU = Release|Any CPU
	EndGlobalSection
	GlobalSection(ProjectConfigurationPlatforms) = postSolution
		{E29EA395-A395-49C4-B33D-440DB34774B3}.Debug|Any CPU.ActiveCfg = Debug|Any CPU
		{E29EA395-A395-49C4-B33D-440DB34774B3}.Debug|Any CPU.Build.0 = Debug|Any CPU
		{E29EA395-A395-49C4-B33D-440DB34774B3}.Release|Any CPU.ActiveCfg = Release|Any CPU
		{E29EA395-A395-49C4-B33D-440DB34774B3}.Release|Any CPU.Build.0 = Release|Any CPU
	EndGlobalSection
	GlobalSection(SolutionProperties) = preSolution
		HideSolutionNode = FALSE
	EndGlobalSection
	GlobalSection(ExtensibilityGlobals) = postSolution
		SolutionGuid = {0F5285DE-320A-4570-ADA2-1C3B57138F9C}
	EndGlobalSection
EndGlobal
